{
  "nodes": {
    "nixpkgs": {
      "locked": {
        "lastModified": 1731604181,
        "narHash": "sha256-uVtsFX1KpvDiDe1adeUkTK2YesWw1exgQ0nDMTfmJi0=",
        "owner": "NixOS",
        "repo": "nixpkgs",
        "rev": "c46290747b2aaf090f48a478270feb858837bf11",
        "type": "github"
      },
      "original": {
        "owner": "NixOS",
        "ref": "25.05-pre",
        "repo": "nixpkgs",
        "type": "github"
      }
    },
    "root": {
      "inputs": {
        "nixpkgs": "nixpkgs"
      }
    }
  },
  "root": "root",
  "version": 7
}
