hash: 5ea279c66b9471eb90bea13e5073a81cb77d46081166b807aa72be74776cffbe
updated: 2017-07-13T15:46:24.547030677+01:00
imports:
- name: github.com/golang/groupcache
  version: b710c8433bd175204919eb38776e944233235d03
  subpackages:
  - consistenthash
  - groupcachepb
  - lru
  - singleflight
- name: github.com/golang/protobuf
  version: 0a4f71a498b7c4812f64969510bcb4eca251e33a
  subpackages:
  - proto
- name: github.com/thraxil/randwalk
  version: 615038b03cd6af5fcda4a5084728a7e1786241f2
- name: github.com/thraxil/resize
  version: edd092fb768d8caa68d2d1ca0159e48b9fc7744f
testImports: []
